
Microsoft Visual Studio Solution File, Format Version 12.00
# Visual Studio Version 17
VisualStudioVersion = 17.0.31903.59
MinimumVisualStudioVersion = 10.0.40219.1
Project("{2150E333-8FDC-42A3-9474-1A3956D46DE8}") = "Gateway", "Gateway", "{D4A5A178-8739-4772-AC61-5378D7FA9654}"
EndProject
Project("{FAE04EC0-301F-11D3-BF4B-00C04F79EFBC}") = "AbilityHub.Gateway", "Gateway\AbilityHub.Gateway\AbilityHub.Gateway.csproj", "{8656994E-F42B-414B-9676-3C9CF5E2B60C}"
EndProject
Project("{2150E333-8FDC-42A3-9474-1A3956D46DE8}") = "Services", "Services", "{656866AC-180D-4440-86C3-ED20D60A4085}"
EndProject
Project("{FAE04EC0-301F-11D3-BF4B-00C04F79EFBC}") = "AbilityHub.Auth", "Services\AbilityHub.Auth\AbilityHub.Auth.csproj", "{5AD1DF22-0C6E-4C8F-B437-B52D82FD04DC}"
EndProject
Project("{FAE04EC0-301F-11D3-BF4B-00C04F79EFBC}") = "AbilityHub.Users", "Services\AbilityHub.Users\AbilityHub.Users.csproj", "{F1CBED55-0727-4872-A7C1-6D62A739F8BC}"
EndProject
Project("{FAE04EC0-301F-11D3-BF4B-00C04F79EFBC}") = "AbilityHub.Settings", "Services\AbilityHub.Settings\AbilityHub.Settings.csproj", "{E9B035DD-0B04-4213-B464-6FCE4048668C}"
EndProject
Project("{FAE04EC0-301F-11D3-BF4B-00C04F79EFBC}") = "AbilityHub.Usage", "Services\AbilityHub.Usage\AbilityHub.Usage.csproj", "{1E323F75-3EF0-4D1E-A505-BF6EF15F3A7F}"
EndProject
Project("{FAE04EC0-301F-11D3-BF4B-00C04F79EFBC}") = "AbilityHub.AppRegistry", "Services\AbilityHub.AppRegistry\AbilityHub.AppRegistry.csproj", "{F79D0471-6866-4534-9438-CECCFBE37F18}"
EndProject
Project("{2150E333-8FDC-42A3-9474-1A3956D46DE8}") = "Shared", "Shared", "{3E7BDE4E-03D0-4EEC-B3C1-CC4D2A215D03}"
EndProject
Project("{FAE04EC0-301F-11D3-BF4B-00C04F79EFBC}") = "AbilityHub.Shared", "Shared\AbilityHub.Shared\AbilityHub.Shared.csproj", "{940B1CCE-C648-46F7-9909-7DA8DF32AA80}"
EndProject
Project("{2150E333-8FDC-42A3-9474-1A3956D46DE8}") = "Infrastructure", "Infrastructure", "{902A4B54-4C9D-4097-A8FC-1C2AE9B10479}"
EndProject
Project("{FAE04EC0-301F-11D3-BF4B-00C04F79EFBC}") = "AbilityHub.MessageBus", "Infrastructure\AbilityHub.MessageBus\AbilityHub.MessageBus.csproj", "{B5F26BDD-F8BC-4DF1-AFDC-B059322A85D0}"
EndProject
Project("{FAE04EC0-301F-11D3-BF4B-00C04F79EFBC}") = "AbilityHub.ServiceClients", "Infrastructure\AbilityHub.ServiceClients\AbilityHub.ServiceClients.csproj", "{8A969BB6-0766-4D66-BAA5-1FE84EDC6B9C}"
EndProject
Global
	GlobalSection(SolutionConfigurationPlatforms) = preSolution
		Debug|Any CPU = Debug|Any CPU
		Release|Any CPU = Release|Any CPU
	EndGlobalSection
	GlobalSection(SolutionProperties) = preSolution
		HideSolutionNode = FALSE
	EndGlobalSection
	GlobalSection(ProjectConfigurationPlatforms) = postSolution
		{8656994E-F42B-414B-9676-3C9CF5E2B60C}.Debug|Any CPU.ActiveCfg = Debug|Any CPU
		{8656994E-F42B-414B-9676-3C9CF5E2B60C}.Debug|Any CPU.Build.0 = Debug|Any CPU
		{8656994E-F42B-414B-9676-3C9CF5E2B60C}.Release|Any CPU.ActiveCfg = Release|Any CPU
		{8656994E-F42B-414B-9676-3C9CF5E2B60C}.Release|Any CPU.Build.0 = Release|Any CPU
		{5AD1DF22-0C6E-4C8F-B437-B52D82FD04DC}.Debug|Any CPU.ActiveCfg = Debug|Any CPU
		{5AD1DF22-0C6E-4C8F-B437-B52D82FD04DC}.Debug|Any CPU.Build.0 = Debug|Any CPU
		{5AD1DF22-0C6E-4C8F-B437-B52D82FD04DC}.Release|Any CPU.ActiveCfg = Release|Any CPU
		{5AD1DF22-0C6E-4C8F-B437-B52D82FD04DC}.Release|Any CPU.Build.0 = Release|Any CPU
		{F1CBED55-0727-4872-A7C1-6D62A739F8BC}.Debug|Any CPU.ActiveCfg = Debug|Any CPU
		{F1CBED55-0727-4872-A7C1-6D62A739F8BC}.Debug|Any CPU.Build.0 = Debug|Any CPU
		{F1CBED55-0727-4872-A7C1-6D62A739F8BC}.Release|Any CPU.ActiveCfg = Release|Any CPU
		{F1CBED55-0727-4872-A7C1-6D62A739F8BC}.Release|Any CPU.Build.0 = Release|Any CPU
		{E9B035DD-0B04-4213-B464-6FCE4048668C}.Debug|Any CPU.ActiveCfg = Debug|Any CPU
		{E9B035DD-0B04-4213-B464-6FCE4048668C}.Debug|Any CPU.Build.0 = Debug|Any CPU
		{E9B035DD-0B04-4213-B464-6FCE4048668C}.Release|Any CPU.ActiveCfg = Release|Any CPU
		{E9B035DD-0B04-4213-B464-6FCE4048668C}.Release|Any CPU.Build.0 = Release|Any CPU
		{1E323F75-3EF0-4D1E-A505-BF6EF15F3A7F}.Debug|Any CPU.ActiveCfg = Debug|Any CPU
		{1E323F75-3EF0-4D1E-A505-BF6EF15F3A7F}.Debug|Any CPU.Build.0 = Debug|Any CPU
		{1E323F75-3EF0-4D1E-A505-BF6EF15F3A7F}.Release|Any CPU.ActiveCfg = Release|Any CPU
		{1E323F75-3EF0-4D1E-A505-BF6EF15F3A7F}.Release|Any CPU.Build.0 = Release|Any CPU
		{F79D0471-6866-4534-9438-CECCFBE37F18}.Debug|Any CPU.ActiveCfg = Debug|Any CPU
		{F79D0471-6866-4534-9438-CECCFBE37F18}.Debug|Any CPU.Build.0 = Debug|Any CPU
		{F79D0471-6866-4534-9438-CECCFBE37F18}.Release|Any CPU.ActiveCfg = Release|Any CPU
		{F79D0471-6866-4534-9438-CECCFBE37F18}.Release|Any CPU.Build.0 = Release|Any CPU
		{940B1CCE-C648-46F7-9909-7DA8DF32AA80}.Debug|Any CPU.ActiveCfg = Debug|Any CPU
		{940B1CCE-C648-46F7-9909-7DA8DF32AA80}.Debug|Any CPU.Build.0 = Debug|Any CPU
		{940B1CCE-C648-46F7-9909-7DA8DF32AA80}.Release|Any CPU.ActiveCfg = Release|Any CPU
		{940B1CCE-C648-46F7-9909-7DA8DF32AA80}.Release|Any CPU.Build.0 = Release|Any CPU
		{B5F26BDD-F8BC-4DF1-AFDC-B059322A85D0}.Debug|Any CPU.ActiveCfg = Debug|Any CPU
		{B5F26BDD-F8BC-4DF1-AFDC-B059322A85D0}.Debug|Any CPU.Build.0 = Debug|Any CPU
		{B5F26BDD-F8BC-4DF1-AFDC-B059322A85D0}.Release|Any CPU.ActiveCfg = Release|Any CPU
		{B5F26BDD-F8BC-4DF1-AFDC-B059322A85D0}.Release|Any CPU.Build.0 = Release|Any CPU
		{8A969BB6-0766-4D66-BAA5-1FE84EDC6B9C}.Debug|Any CPU.ActiveCfg = Debug|Any CPU
		{8A969BB6-0766-4D66-BAA5-1FE84EDC6B9C}.Debug|Any CPU.Build.0 = Debug|Any CPU
		{8A969BB6-0766-4D66-BAA5-1FE84EDC6B9C}.Release|Any CPU.ActiveCfg = Release|Any CPU
		{8A969BB6-0766-4D66-BAA5-1FE84EDC6B9C}.Release|Any CPU.Build.0 = Release|Any CPU
	EndGlobalSection
	GlobalSection(NestedProjects) = preSolution
		{8656994E-F42B-414B-9676-3C9CF5E2B60C} = {D4A5A178-8739-4772-AC61-5378D7FA9654}
		{5AD1DF22-0C6E-4C8F-B437-B52D82FD04DC} = {656866AC-180D-4440-86C3-ED20D60A4085}
		{F1CBED55-0727-4872-A7C1-6D62A739F8BC} = {656866AC-180D-4440-86C3-ED20D60A4085}
		{E9B035DD-0B04-4213-B464-6FCE4048668C} = {656866AC-180D-4440-86C3-ED20D60A4085}
		{1E323F75-3EF0-4D1E-A505-BF6EF15F3A7F} = {656866AC-180D-4440-86C3-ED20D60A4085}
		{F79D0471-6866-4534-9438-CECCFBE37F18} = {656866AC-180D-4440-86C3-ED20D60A4085}
		{940B1CCE-C648-46F7-9909-7DA8DF32AA80} = {3E7BDE4E-03D0-4EEC-B3C1-CC4D2A215D03}
		{B5F26BDD-F8BC-4DF1-AFDC-B059322A85D0} = {902A4B54-4C9D-4097-A8FC-1C2AE9B10479}
		{8A969BB6-0766-4D66-BAA5-1FE84EDC6B9C} = {902A4B54-4C9D-4097-A8FC-1C2AE9B10479}
	EndGlobalSection
EndGlobal
